version = 1
revision = 3
requires-python = ">=3.11, <3.15"

[[package]]
name = "nemo-fabric-adapter-contract"
version = "0.4.1"
source = { editable = "../../../adapter-contract/python" }

[package.metadata]
requires-dist = [{ name = "pydantic", marker = "extra == 'pydantic'", specifier = ">=2.12,<3" }]
provides-extras = ["pydantic"]

[[package]]
name = "nemo-fabric-adapters-common"
version = "0.4.1"
source = { editable = "../common" }
dependencies = [
    { name = "nemo-fabric-adapter-contract" },
]

[package.metadata]
requires-dist = [{ name = "nemo-fabric-adapter-contract", editable = "../../../adapter-contract/python" }]

[[package]]
name = "nemo-fabric-adapters-hermes"
version = "0.4.1"
source = { editable = "." }
dependencies = [
    { name = "nemo-fabric-adapter-contract" },
    { name = "nemo-fabric-adapters-common" },
]

[package.optional-dependencies]
full = [
    { name = "nemo-relay" },
    { name = "tomli-w" },
]
relay = [
    { name = "nemo-relay" },
    { name = "tomli-w" },
]

[package.metadata]
requires-dist = [
    { name = "nemo-fabric-adapter-contract", editable = "../../../adapter-contract/python" },
    { name = "nemo-fabric-adapters-common", editable = "../common" },
    { name = "nemo-relay", marker = "extra == 'full'", specifier = ">=0.9,<0.10" },
    { name = "nemo-relay", marker = "extra == 'relay'", specifier = ">=0.9,<0.10" },
    { name = "tomli-w", marker = "extra == 'full'", specifier = ">=1.2,<2" },
    { name = "tomli-w", marker = "extra == 'relay'", specifier = ">=1.2,<2" },
]
provides-extras = ["relay", "full"]

[[package]]
name = "nemo-relay"
version = "0.9.3"
source = { registry = "https://pypi.org/simple" }
sdist = { url = "https://files.pythonhosted.org/packages/a0/62/2da923b93897c98a7f81cc7a004d9ec9388bbc00ba7ea2a0d6a21f8e6ab7/nemo_relay-0.9.3.tar.gz", hash = "sha256:73bb0f17b4b70bf9a26a3b669042771f3157017c74079d74ceed220cb8ee7dc1", size = 1706207, upload-time = "2026-09-28T18:22:35.233Z" }
wheels = [
    { url = "https://files.pythonhosted.org/packages/2b/72/d789ca7867b3c2e1cd243f6bd7b1ee7fd14165ab0eac95d21cd630602817/nemo_relay-0.9.3-cp311-abi3-macosx_11_0_arm64.whl", hash = "sha256:6c3fc28695a1ffdaca9a60f16bed7fe8aef05aeecc355deb31f01715ff711f64", size = 10326767, upload-time = "2026-09-28T18:22:03.834Z" },
    { url = "https://files.pythonhosted.org/packages/0f/ec/0fd9311e59e376170dfb5210ca62f9de9f8aa279e42ed0b571a54a91b484/nemo_relay-0.9.3-cp311-abi3-manylinux_2_17_aarch64.manylinux2014_aarch64.whl", hash = "sha256:567100c80bcd5b364fb7282eecdcf1015abb56da8452901ab2dc8bf14f41f22b", size = 9251743, upload-time = "2026-09-28T18:22:06.12Z" },
    { url = "https://files.pythonhosted.org/packages/6a/e6/a185302f50b46dab3f753bee9a7be335809de0a8d3d22ed87c3501f78494/nemo_relay-0.9.3-cp311-abi3-manylinux_2_17_x86_64.manylinux2014_x86_64.whl", hash = "sha256:b62db23e2a17fa6b794d03096c5fb120b4c62cdd0336356a6456015f75f08345", size = 9860423, upload-time = "2026-09-28T18:22:08.023Z" },
    { url = "https://files.pythonhosted.org/packages/10/5f/70f156432560465f173b9f21b315816b1e5f4cf6023b37af41b5a8986165/nemo_relay-0.9.3-cp311-abi3-musllinux_1_2_aarch64.whl", hash = "sha256:2ddd2d9ef3a5e67ffca46f8a2547b32078cbc8a80284a95c09282b0e33ad7b5e", size = 11425678, upload-time = "2026-09-28T18:22:10.048Z" },
    { url = "https://files.pythonhosted.org/packages/82/67/d31c8dced6327fbd2e6c4d93c911d9267c940c5e08f1a11dcc137adee959/nemo_relay-0.9.3-cp311-abi3-musllinux_1_2_x86_64.whl", hash = "sha256:51a5904b91727e4ef7eb3c7fc9b745a4668b008e19bc29706868978b2dffbae0", size = 11894425, upload-time = "2026-09-28T18:22:12.095Z" },
    { url = "https://files.pythonhosted.org/packages/c5/d3/60aa9e92d4e40282eb40606fbb0fcb533a9a02ee3c4df089c3b025b50316/nemo_relay-0.9.3-cp311-abi3-win_amd64.whl", hash = "sha256:7cf19aba5067b6e113c701016c9777d9b0246be5fed9a3cc43baa080dfae7863", size = 9821768, upload-time = "2026-09-28T18:22:14.133Z" },
    { url = "https://files.pythonhosted.org/packages/c6/6e/f373d40d3eca83c3357da8589e012ff3eb66130ca1b0f7bde292919b2d7f/nemo_relay-0.9.3-cp311-abi3-win_arm64.whl", hash = "sha256:18db2ff5543283eb48e9187ca16417a4b77ac0014125eaaa39661505b2da4b43", size = 9408519, upload-time = "2026-09-28T18:22:16.015Z" },
]

[[package]]
name = "tomli-w"
version = "1.2.0"
source = { registry = "https://pypi.org/simple" }
sdist = { url = "https://files.pythonhosted.org/packages/19/75/241269d1da26b624c0d5e110e8149093c759b7a286138f4efd61a60e75fe/tomli_w-1.2.0.tar.gz", hash = "sha256:2dd14fac5a47c27be9cd4c976af5a12d87fb1f0b4512f81d69cce3b35ae25021", size = 7184, upload-time = "2025-01-15T12:07:24.262Z" }
wheels = [
    { url = "https://files.pythonhosted.org/packages/c7/18/c86eb8e0202e32dd3df50d43d7ff9854f8e0603945ff398974c1d91ac1ef/tomli_w-1.2.0-py3-none-any.whl", hash = "sha256:188306098d013b691fcadc011abd66727d3c414c571bb01b1a174ba8c983cf90", size = 6675, upload-time = "2025-01-15T12:07:22.074Z" },
]
